
Microsoft Visual Studio Solution File, Format Version 12.00
# Visual Studio Version 17
VisualStudioVersion = 17.0.31903.59
MinimumVisualStudioVersion = 10.0.40219.1
Project("{2150E333-8FDC-42A3-9474-1A3956D46DE8}") = "Sagi.Sdk.Domain", "Sagi.Sdk.Domain", "{E3221332-D90B-43BB-A66F-FB9027C8C96C}"
EndProject
Project("{2150E333-8FDC-42A3-9474-1A3956D46DE8}") = "src", "src", "{D62640A3-45DD-48AD-8196-8DEC8E1C4C0B}"
EndProject
Project("{FAE04EC0-301F-11D3-BF4B-00C04F79EFBC}") = "Sagi.Sdk.Domain", "Sagi.Sdk.Domain\src\Sagi.Sdk.Domain\Sagi.Sdk.Domain.csproj", "{CD2B42F0-0982-4FB7-9C33-2A5D187E97C3}"
EndProject
Project("{2150E333-8FDC-42A3-9474-1A3956D46DE8}") = "tests", "tests", "{F5970CE9-520F-431D-980A-0107922C1AC9}"
EndProject
Project("{FAE04EC0-301F-11D3-BF4B-00C04F79EFBC}") = "Sagi.Sdk.Domain.Tests", "Sagi.Sdk.Domain\tests\Sagi.Sdk.Domain.Tests\Sagi.Sdk.Domain.Tests.csproj", "{018FFFA7-6149-4C58-8AC8-CD2E18CB5487}"
EndProject
Project("{2150E333-8FDC-42A3-9474-1A3956D46DE8}") = "Sagi.Sdk.Results", "Sagi.Sdk.Results", "{B2937587-4E57-486C-94A0-9C6F88F416DE}"
EndProject
Project("{2150E333-8FDC-42A3-9474-1A3956D46DE8}") = "src", "src", "{995B6B77-D596-4C46-AF30-C477498BCD32}"
EndProject
Project("{FAE04EC0-301F-11D3-BF4B-00C04F79EFBC}") = "Sagi.Sdk.Results", "Sagi.Sdk.Results\src\Sagi.Sdk.Results\Sagi.Sdk.Results.csproj", "{3EAF9DF5-35E4-45FD-8BBF-43EEE2F82B33}"
EndProject
Project("{2150E333-8FDC-42A3-9474-1A3956D46DE8}") = "tests", "tests", "{79F6B4A5-2748-46D2-92F5-128B0839F80F}"
EndProject
Project("{FAE04EC0-301F-11D3-BF4B-00C04F79EFBC}") = "Sagi.Sdk.Results.Tests", "Sagi.Sdk.Results\tests\Sagi.Sdk.Results.Tests\Sagi.Sdk.Results.Tests.csproj", "{220DF32C-7E07-4B51-A16F-00A7E83BEDAC}"
EndProject
Project("{2150E333-8FDC-42A3-9474-1A3956D46DE8}") = "Sagi.Sdk.MongoDb", "Sagi.Sdk.MongoDb", "{D4AE2FD1-EE16-4E50-BAA4-315C97D198EC}"
EndProject
Project("{2150E333-8FDC-42A3-9474-1A3956D46DE8}") = "src", "src", "{F98DD13B-510F-4747-B1B3-F03B48674F2E}"
EndProject
Project("{FAE04EC0-301F-11D3-BF4B-00C04F79EFBC}") = "Sagi.Sdk.MongoDb", "Sagi.Sdk.MongoDb\src\Sagi.Sdk.MongoDb\Sagi.Sdk.MongoDb.csproj", "{9B119CAE-1010-488E-A13F-721A95A36870}"
EndProject
Project("{2150E333-8FDC-42A3-9474-1A3956D46DE8}") = "tests", "tests", "{30E10233-E10C-4ECA-8473-B6625F9FFAEA}"
EndProject
Project("{FAE04EC0-301F-11D3-BF4B-00C04F79EFBC}") = "Sagi.Sdk.MongoDb.Tests", "Sagi.Sdk.MongoDb\tests\Sagi.Sdk.MongoDb.Tests\Sagi.Sdk.MongoDb.Tests.csproj", "{7170A23A-7A27-4D3A-96D5-A9F32819868E}"
EndProject
Project("{2150E333-8FDC-42A3-9474-1A3956D46DE8}") = "Sagi.Sdk.Messaging.RabbitMq", "Sagi.Sdk.Messaging.RabbitMq", "{5D6EF00C-F59C-4FD0-8017-575E61DAC528}"
EndProject
Project("{2150E333-8FDC-42A3-9474-1A3956D46DE8}") = "src", "src", "{1010B625-F2B0-44BA-B226-7F81197C2708}"
EndProject
Project("{FAE04EC0-301F-11D3-BF4B-00C04F79EFBC}") = "Sagi.Sdk.Messaging.RabbitMq", "Sagi.Sdk.Messaging.RabbitMq\src\Sagi.Sdk.Messaging.RabbitMq\Sagi.Sdk.Messaging.RabbitMq.csproj", "{D1DEE51A-5737-4E02-BA4B-3C53304159B2}"
EndProject
Project("{2150E333-8FDC-42A3-9474-1A3956D46DE8}") = "tests", "tests", "{1C67F0A8-D65E-4209-A8B1-93F3A0EB096E}"
EndProject
Project("{FAE04EC0-301F-11D3-BF4B-00C04F79EFBC}") = "Sagi.Sdk.Messaging.RabbitMq.Tests", "Sagi.Sdk.Messaging.RabbitMq\tests\Sagi.Sdk.Messaging.RabbitMq.Tests\Sagi.Sdk.Messaging.RabbitMq.Tests.csproj", "{04C142C6-841B-412D-A1A1-AD5135614B4F}"
EndProject
Project("{FAE04EC0-301F-11D3-BF4B-00C04F79EFBC}") = "ConsoleApp", "Sagi.Sdk.Messaging.RabbitMq\src\ConsoleApp\ConsoleApp.csproj", "{698D46C2-D129-40AA-B477-AA9BEC29841F}"
EndProject
Project("{2150E333-8FDC-42A3-9474-1A3956D46DE8}") = "Sagi.Sdk.AWS.DynamoDb", "Sagi.Sdk.AWS.DynamoDb", "{E3BA3AD2-F5D9-443A-7302-EF3F99F3C2E8}"
EndProject
Project("{2150E333-8FDC-42A3-9474-1A3956D46DE8}") = "src", "src", "{3C38F84C-2E4C-E2F3-48EC-1108637492AB}"
EndProject
Project("{FAE04EC0-301F-11D3-BF4B-00C04F79EFBC}") = "Sagi.Sdk.AWS.DynamoDb", "Sagi.Sdk.AWS.DynamoDb\src\Sagi.Sdk.AWS.DynamoDb\Sagi.Sdk.AWS.DynamoDb.csproj", "{31BBBC25-4FAE-4A42-A603-03A586EB654B}"
EndProject
Project("{FAE04EC0-301F-11D3-BF4B-00C04F79EFBC}") = "Sagi.Sdk.AWS.DynamoDb.Tests", "Sagi.Sdk.AWS.DynamoDb\tests\Sagi.Sdk.AWS.DynamoDb.Tests\Sagi.Sdk.AWS.DynamoDb.Tests.csproj", "{B66D2C23-365C-4A9F-AB5F-9D5B424683D9}"
EndProject
Project("{FAE04EC0-301F-11D3-BF4B-00C04F79EFBC}") = "Samples", "Sagi.Sdk.AWS.DynamoDb\src\Samples\Samples.csproj", "{CD10B8C1-9B82-4AC1-BC41-CFC29BDEC1A1}"
EndProject
Global
	GlobalSection(SolutionConfigurationPlatforms) = preSolution
		Debug|Any CPU = Debug|Any CPU
		Debug|x64 = Debug|x64
		Debug|x86 = Debug|x86
		Release|Any CPU = Release|Any CPU
		Release|x64 = Release|x64
		Release|x86 = Release|x86
	EndGlobalSection
	GlobalSection(ProjectConfigurationPlatforms) = postSolution
		{CD2B42F0-0982-4FB7-9C33-2A5D187E97C3}.Debug|Any CPU.ActiveCfg = Debug|Any CPU
		{CD2B42F0-0982-4FB7-9C33-2A5D187E97C3}.Debug|Any CPU.Build.0 = Debug|Any CPU
		{CD2B42F0-0982-4FB7-9C33-2A5D187E97C3}.Debug|x64.ActiveCfg = Debug|Any CPU
		{CD2B42F0-0982-4FB7-9C33-2A5D187E97C3}.Debug|x64.Build.0 = Debug|Any CPU
		{CD2B42F0-0982-4FB7-9C33-2A5D187E97C3}.Debug|x86.ActiveCfg = Debug|Any CPU
		{CD2B42F0-0982-4FB7-9C33-2A5D187E97C3}.Debug|x86.Build.0 = Debug|Any CPU
		{CD2B42F0-0982-4FB7-9C33-2A5D187E97C3}.Release|Any CPU.ActiveCfg = Release|Any CPU
		{CD2B42F0-0982-4FB7-9C33-2A5D187E97C3}.Release|Any CPU.Build.0 = Release|Any CPU
		{CD2B42F0-0982-4FB7-9C33-2A5D187E97C3}.Release|x64.ActiveCfg = Release|Any CPU
		{CD2B42F0-0982-4FB7-9C33-2A5D187E97C3}.Release|x64.Build.0 = Release|Any CPU
		{CD2B42F0-0982-4FB7-9C33-2A5D187E97C3}.Release|x86.ActiveCfg = Release|Any CPU
		{CD2B42F0-0982-4FB7-9C33-2A5D187E97C3}.Release|x86.Build.0 = Release|Any CPU
		{018FFFA7-6149-4C58-8AC8-CD2E18CB5487}.Debug|Any CPU.ActiveCfg = Debug|Any CPU
		{018FFFA7-6149-4C58-8AC8-CD2E18CB5487}.Debug|Any CPU.Build.0 = Debug|Any CPU
		{018FFFA7-6149-4C58-8AC8-CD2E18CB5487}.Debug|x64.ActiveCfg = Debug|Any CPU
		{018FFFA7-6149-4C58-8AC8-CD2E18CB5487}.Debug|x64.Build.0 = Debug|Any CPU
		{018FFFA7-6149-4C58-8AC8-CD2E18CB5487}.Debug|x86.ActiveCfg = Debug|Any CPU
		{018FFFA7-6149-4C58-8AC8-CD2E18CB5487}.Debug|x86.Build.0 = Debug|Any CPU
		{018FFFA7-6149-4C58-8AC8-CD2E18CB5487}.Release|Any CPU.ActiveCfg = Release|Any CPU
		{018FFFA7-6149-4C58-8AC8-CD2E18CB5487}.Release|Any CPU.Build.0 = Release|Any CPU
		{018FFFA7-6149-4C58-8AC8-CD2E18CB5487}.Release|x64.ActiveCfg = Release|Any CPU
		{018FFFA7-6149-4C58-8AC8-CD2E18CB5487}.Release|x64.Build.0 = Release|Any CPU
		{018FFFA7-6149-4C58-8AC8-CD2E18CB5487}.Release|x86.ActiveCfg = Release|Any CPU
		{018FFFA7-6149-4C58-8AC8-CD2E18CB5487}.Release|x86.Build.0 = Release|Any CPU
		{3EAF9DF5-35E4-45FD-8BBF-43EEE2F82B33}.Debug|Any CPU.ActiveCfg = Debug|Any CPU
		{3EAF9DF5-35E4-45FD-8BBF-43EEE2F82B33}.Debug|Any CPU.Build.0 = Debug|Any CPU
		{3EAF9DF5-35E4-45FD-8BBF-43EEE2F82B33}.Debug|x64.ActiveCfg = Debug|Any CPU
		{3EAF9DF5-35E4-45FD-8BBF-43EEE2F82B33}.Debug|x64.Build.0 = Debug|Any CPU
		{3EAF9DF5-35E4-45FD-8BBF-43EEE2F82B33}.Debug|x86.ActiveCfg = Debug|Any CPU
		{3EAF9DF5-35E4-45FD-8BBF-43EEE2F82B33}.Debug|x86.Build.0 = Debug|Any CPU
		{3EAF9DF5-35E4-45FD-8BBF-43EEE2F82B33}.Release|Any CPU.ActiveCfg = Release|Any CPU
		{3EAF9DF5-35E4-45FD-8BBF-43EEE2F82B33}.Release|Any CPU.Build.0 = Release|Any CPU
		{3EAF9DF5-35E4-45FD-8BBF-43EEE2F82B33}.Release|x64.ActiveCfg = Release|Any CPU
		{3EAF9DF5-35E4-45FD-8BBF-43EEE2F82B33}.Release|x64.Build.0 = Release|Any CPU
		{3EAF9DF5-35E4-45FD-8BBF-43EEE2F82B33}.Release|x86.ActiveCfg = Release|Any CPU
		{3EAF9DF5-35E4-45FD-8BBF-43EEE2F82B33}.Release|x86.Build.0 = Release|Any CPU
		{220DF32C-7E07-4B51-A16F-00A7E83BEDAC}.Debug|Any CPU.ActiveCfg = Debug|Any CPU
		{220DF32C-7E07-4B51-A16F-00A7E83BEDAC}.Debug|Any CPU.Build.0 = Debug|Any CPU
		{220DF32C-7E07-4B51-A16F-00A7E83BEDAC}.Debug|x64.ActiveCfg = Debug|Any CPU
		{220DF32C-7E07-4B51-A16F-00A7E83BEDAC}.Debug|x64.Build.0 = Debug|Any CPU
		{220DF32C-7E07-4B51-A16F-00A7E83BEDAC}.Debug|x86.ActiveCfg = Debug|Any CPU
		{220DF32C-7E07-4B51-A16F-00A7E83BEDAC}.Debug|x86.Build.0 = Debug|Any CPU
		{220DF32C-7E07-4B51-A16F-00A7E83BEDAC}.Release|Any CPU.ActiveCfg = Release|Any CPU
		{220DF32C-7E07-4B51-A16F-00A7E83BEDAC}.Release|Any CPU.Build.0 = Release|Any CPU
		{220DF32C-7E07-4B51-A16F-00A7E83BEDAC}.Release|x64.ActiveCfg = Release|Any CPU
		{220DF32C-7E07-4B51-A16F-00A7E83BEDAC}.Release|x64.Build.0 = Release|Any CPU
		{220DF32C-7E07-4B51-A16F-00A7E83BEDAC}.Release|x86.ActiveCfg = Release|Any CPU
		{220DF32C-7E07-4B51-A16F-00A7E83BEDAC}.Release|x86.Build.0 = Release|Any CPU
		{9B119CAE-1010-488E-A13F-721A95A36870}.Debug|Any CPU.ActiveCfg = Debug|Any CPU
		{9B119CAE-1010-488E-A13F-721A95A36870}.Debug|Any CPU.Build.0 = Debug|Any CPU
		{9B119CAE-1010-488E-A13F-721A95A36870}.Debug|x64.ActiveCfg = Debug|Any CPU
		{9B119CAE-1010-488E-A13F-721A95A36870}.Debug|x64.Build.0 = Debug|Any CPU
		{9B119CAE-1010-488E-A13F-721A95A36870}.Debug|x86.ActiveCfg = Debug|Any CPU
		{9B119CAE-1010-488E-A13F-721A95A36870}.Debug|x86.Build.0 = Debug|Any CPU
		{9B119CAE-1010-488E-A13F-721A95A36870}.Release|Any CPU.ActiveCfg = Release|Any CPU
		{9B119CAE-1010-488E-A13F-721A95A36870}.Release|Any CPU.Build.0 = Release|Any CPU
		{9B119CAE-1010-488E-A13F-721A95A36870}.Release|x64.ActiveCfg = Release|Any CPU
		{9B119CAE-1010-488E-A13F-721A95A36870}.Release|x64.Build.0 = Release|Any CPU
		{9B119CAE-1010-488E-A13F-721A95A36870}.Release|x86.ActiveCfg = Release|Any CPU
		{9B119CAE-1010-488E-A13F-721A95A36870}.Release|x86.Build.0 = Release|Any CPU
		{7170A23A-7A27-4D3A-96D5-A9F32819868E}.Debug|Any CPU.ActiveCfg = Debug|Any CPU
		{7170A23A-7A27-4D3A-96D5-A9F32819868E}.Debug|Any CPU.Build.0 = Debug|Any CPU
		{7170A23A-7A27-4D3A-96D5-A9F32819868E}.Debug|x64.ActiveCfg = Debug|Any CPU
		{7170A23A-7A27-4D3A-96D5-A9F32819868E}.Debug|x64.Build.0 = Debug|Any CPU
		{7170A23A-7A27-4D3A-96D5-A9F32819868E}.Debug|x86.ActiveCfg = Debug|Any CPU
		{7170A23A-7A27-4D3A-96D5-A9F32819868E}.Debug|x86.Build.0 = Debug|Any CPU
		{7170A23A-7A27-4D3A-96D5-A9F32819868E}.Release|Any CPU.ActiveCfg = Release|Any CPU
		{7170A23A-7A27-4D3A-96D5-A9F32819868E}.Release|Any CPU.Build.0 = Release|Any CPU
		{7170A23A-7A27-4D3A-96D5-A9F32819868E}.Release|x64.ActiveCfg = Release|Any CPU
		{7170A23A-7A27-4D3A-96D5-A9F32819868E}.Release|x64.Build.0 = Release|Any CPU
		{7170A23A-7A27-4D3A-96D5-A9F32819868E}.Release|x86.ActiveCfg = Release|Any CPU
		{7170A23A-7A27-4D3A-96D5-A9F32819868E}.Release|x86.Build.0 = Release|Any CPU
		{D1DEE51A-5737-4E02-BA4B-3C53304159B2}.Debug|Any CPU.ActiveCfg = Debug|Any CPU
		{D1DEE51A-5737-4E02-BA4B-3C53304159B2}.Debug|Any CPU.Build.0 = Debug|Any CPU
		{D1DEE51A-5737-4E02-BA4B-3C53304159B2}.Debug|x64.ActiveCfg = Debug|Any CPU
		{D1DEE51A-5737-4E02-BA4B-3C53304159B2}.Debug|x64.Build.0 = Debug|Any CPU
		{D1DEE51A-5737-4E02-BA4B-3C53304159B2}.Debug|x86.ActiveCfg = Debug|Any CPU
		{D1DEE51A-5737-4E02-BA4B-3C53304159B2}.Debug|x86.Build.0 = Debug|Any CPU
		{D1DEE51A-5737-4E02-BA4B-3C53304159B2}.Release|Any CPU.ActiveCfg = Release|Any CPU
		{D1DEE51A-5737-4E02-BA4B-3C53304159B2}.Release|Any CPU.Build.0 = Release|Any CPU
		{D1DEE51A-5737-4E02-BA4B-3C53304159B2}.Release|x64.ActiveCfg = Release|Any CPU
		{D1DEE51A-5737-4E02-BA4B-3C53304159B2}.Release|x64.Build.0 = Release|Any CPU
		{D1DEE51A-5737-4E02-BA4B-3C53304159B2}.Release|x86.ActiveCfg = Release|Any CPU
		{D1DEE51A-5737-4E02-BA4B-3C53304159B2}.Release|x86.Build.0 = Release|Any CPU
		{04C142C6-841B-412D-A1A1-AD5135614B4F}.Debug|Any CPU.ActiveCfg = Debug|Any CPU
		{04C142C6-841B-412D-A1A1-AD5135614B4F}.Debug|Any CPU.Build.0 = Debug|Any CPU
		{04C142C6-841B-412D-A1A1-AD5135614B4F}.Debug|x64.ActiveCfg = Debug|Any CPU
		{04C142C6-841B-412D-A1A1-AD5135614B4F}.Debug|x64.Build.0 = Debug|Any CPU
		{04C142C6-841B-412D-A1A1-AD5135614B4F}.Debug|x86.ActiveCfg = Debug|Any CPU
		{04C142C6-841B-412D-A1A1-AD5135614B4F}.Debug|x86.Build.0 = Debug|Any CPU
		{04C142C6-841B-412D-A1A1-AD5135614B4F}.Release|Any CPU.ActiveCfg = Release|Any CPU
		{04C142C6-841B-412D-A1A1-AD5135614B4F}.Release|Any CPU.Build.0 = Release|Any CPU
		{04C142C6-841B-412D-A1A1-AD5135614B4F}.Release|x64.ActiveCfg = Release|Any CPU
		{04C142C6-841B-412D-A1A1-AD5135614B4F}.Release|x64.Build.0 = Release|Any CPU
		{04C142C6-841B-412D-A1A1-AD5135614B4F}.Release|x86.ActiveCfg = Release|Any CPU
		{04C142C6-841B-412D-A1A1-AD5135614B4F}.Release|x86.Build.0 = Release|Any CPU
		{698D46C2-D129-40AA-B477-AA9BEC29841F}.Debug|Any CPU.ActiveCfg = Debug|Any CPU
		{698D46C2-D129-40AA-B477-AA9BEC29841F}.Debug|Any CPU.Build.0 = Debug|Any CPU
		{698D46C2-D129-40AA-B477-AA9BEC29841F}.Debug|x64.ActiveCfg = Debug|Any CPU
		{698D46C2-D129-40AA-B477-AA9BEC29841F}.Debug|x64.Build.0 = Debug|Any CPU
		{698D46C2-D129-40AA-B477-AA9BEC29841F}.Debug|x86.ActiveCfg = Debug|Any CPU
		{698D46C2-D129-40AA-B477-AA9BEC29841F}.Debug|x86.Build.0 = Debug|Any CPU
		{698D46C2-D129-40AA-B477-AA9BEC29841F}.Release|Any CPU.ActiveCfg = Release|Any CPU
		{698D46C2-D129-40AA-B477-AA9BEC29841F}.Release|Any CPU.Build.0 = Release|Any CPU
		{698D46C2-D129-40AA-B477-AA9BEC29841F}.Release|x64.ActiveCfg = Release|Any CPU
		{698D46C2-D129-40AA-B477-AA9BEC29841F}.Release|x64.Build.0 = Release|Any CPU
		{698D46C2-D129-40AA-B477-AA9BEC29841F}.Release|x86.ActiveCfg = Release|Any CPU
		{698D46C2-D129-40AA-B477-AA9BEC29841F}.Release|x86.Build.0 = Release|Any CPU
		{31BBBC25-4FAE-4A42-A603-03A586EB654B}.Debug|Any CPU.ActiveCfg = Debug|Any CPU
		{31BBBC25-4FAE-4A42-A603-03A586EB654B}.Debug|Any CPU.Build.0 = Debug|Any CPU
		{31BBBC25-4FAE-4A42-A603-03A586EB654B}.Debug|x64.ActiveCfg = Debug|Any CPU
		{31BBBC25-4FAE-4A42-A603-03A586EB654B}.Debug|x64.Build.0 = Debug|Any CPU
		{31BBBC25-4FAE-4A42-A603-03A586EB654B}.Debug|x86.ActiveCfg = Debug|Any CPU
		{31BBBC25-4FAE-4A42-A603-03A586EB654B}.Debug|x86.Build.0 = Debug|Any CPU
		{31BBBC25-4FAE-4A42-A603-03A586EB654B}.Release|Any CPU.ActiveCfg = Release|Any CPU
		{31BBBC25-4FAE-4A42-A603-03A586EB654B}.Release|Any CPU.Build.0 = Release|Any CPU
		{31BBBC25-4FAE-4A42-A603-03A586EB654B}.Release|x64.ActiveCfg = Release|Any CPU
		{31BBBC25-4FAE-4A42-A603-03A586EB654B}.Release|x64.Build.0 = Release|Any CPU
		{31BBBC25-4FAE-4A42-A603-03A586EB654B}.Release|x86.ActiveCfg = Release|Any CPU
		{31BBBC25-4FAE-4A42-A603-03A586EB654B}.Release|x86.Build.0 = Release|Any CPU
		{B66D2C23-365C-4A9F-AB5F-9D5B424683D9}.Debug|Any CPU.ActiveCfg = Debug|Any CPU
		{B66D2C23-365C-4A9F-AB5F-9D5B424683D9}.Debug|Any CPU.Build.0 = Debug|Any CPU
		{B66D2C23-365C-4A9F-AB5F-9D5B424683D9}.Debug|x64.ActiveCfg = Debug|Any CPU
		{B66D2C23-365C-4A9F-AB5F-9D5B424683D9}.Debug|x64.Build.0 = Debug|Any CPU
		{B66D2C23-365C-4A9F-AB5F-9D5B424683D9}.Debug|x86.ActiveCfg = Debug|Any CPU
		{B66D2C23-365C-4A9F-AB5F-9D5B424683D9}.Debug|x86.Build.0 = Debug|Any CPU
		{B66D2C23-365C-4A9F-AB5F-9D5B424683D9}.Release|Any CPU.ActiveCfg = Release|Any CPU
		{B66D2C23-365C-4A9F-AB5F-9D5B424683D9}.Release|Any CPU.Build.0 = Release|Any CPU
		{B66D2C23-365C-4A9F-AB5F-9D5B424683D9}.Release|x64.ActiveCfg = Release|Any CPU
		{B66D2C23-365C-4A9F-AB5F-9D5B424683D9}.Release|x64.Build.0 = Release|Any CPU
		{B66D2C23-365C-4A9F-AB5F-9D5B424683D9}.Release|x86.ActiveCfg = Release|Any CPU
		{B66D2C23-365C-4A9F-AB5F-9D5B424683D9}.Release|x86.Build.0 = Release|Any CPU
		{CD10B8C1-9B82-4AC1-BC41-CFC29BDEC1A1}.Debug|Any CPU.ActiveCfg = Debug|Any CPU
		{CD10B8C1-9B82-4AC1-BC41-CFC29BDEC1A1}.Debug|Any CPU.Build.0 = Debug|Any CPU
		{CD10B8C1-9B82-4AC1-BC41-CFC29BDEC1A1}.Debug|x64.ActiveCfg = Debug|Any CPU
		{CD10B8C1-9B82-4AC1-BC41-CFC29BDEC1A1}.Debug|x64.Build.0 = Debug|Any CPU
		{CD10B8C1-9B82-4AC1-BC41-CFC29BDEC1A1}.Debug|x86.ActiveCfg = Debug|Any CPU
		{CD10B8C1-9B82-4AC1-BC41-CFC29BDEC1A1}.Debug|x86.Build.0 = Debug|Any CPU
		{CD10B8C1-9B82-4AC1-BC41-CFC29BDEC1A1}.Release|Any CPU.ActiveCfg = Release|Any CPU
		{CD10B8C1-9B82-4AC1-BC41-CFC29BDEC1A1}.Release|Any CPU.Build.0 = Release|Any CPU
		{CD10B8C1-9B82-4AC1-BC41-CFC29BDEC1A1}.Release|x64.ActiveCfg = Release|Any CPU
		{CD10B8C1-9B82-4AC1-BC41-CFC29BDEC1A1}.Release|x64.Build.0 = Release|Any CPU
		{CD10B8C1-9B82-4AC1-BC41-CFC29BDEC1A1}.Release|x86.ActiveCfg = Release|Any CPU
		{CD10B8C1-9B82-4AC1-BC41-CFC29BDEC1A1}.Release|x86.Build.0 = Release|Any CPU
	EndGlobalSection
	GlobalSection(SolutionProperties) = preSolution
		HideSolutionNode = FALSE
	EndGlobalSection
	GlobalSection(NestedProjects) = preSolution
		{D62640A3-45DD-48AD-8196-8DEC8E1C4C0B} = {E3221332-D90B-43BB-A66F-FB9027C8C96C}
		{CD2B42F0-0982-4FB7-9C33-2A5D187E97C3} = {D62640A3-45DD-48AD-8196-8DEC8E1C4C0B}
		{F5970CE9-520F-431D-980A-0107922C1AC9} = {E3221332-D90B-43BB-A66F-FB9027C8C96C}
		{018FFFA7-6149-4C58-8AC8-CD2E18CB5487} = {F5970CE9-520F-431D-980A-0107922C1AC9}
		{995B6B77-D596-4C46-AF30-C477498BCD32} = {B2937587-4E57-486C-94A0-9C6F88F416DE}
		{3EAF9DF5-35E4-45FD-8BBF-43EEE2F82B33} = {995B6B77-D596-4C46-AF30-C477498BCD32}
		{79F6B4A5-2748-46D2-92F5-128B0839F80F} = {B2937587-4E57-486C-94A0-9C6F88F416DE}
		{220DF32C-7E07-4B51-A16F-00A7E83BEDAC} = {79F6B4A5-2748-46D2-92F5-128B0839F80F}
		{F98DD13B-510F-4747-B1B3-F03B48674F2E} = {D4AE2FD1-EE16-4E50-BAA4-315C97D198EC}
		{9B119CAE-1010-488E-A13F-721A95A36870} = {F98DD13B-510F-4747-B1B3-F03B48674F2E}
		{30E10233-E10C-4ECA-8473-B6625F9FFAEA} = {D4AE2FD1-EE16-4E50-BAA4-315C97D198EC}
		{7170A23A-7A27-4D3A-96D5-A9F32819868E} = {30E10233-E10C-4ECA-8473-B6625F9FFAEA}
		{1010B625-F2B0-44BA-B226-7F81197C2708} = {5D6EF00C-F59C-4FD0-8017-575E61DAC528}
		{D1DEE51A-5737-4E02-BA4B-3C53304159B2} = {1010B625-F2B0-44BA-B226-7F81197C2708}
		{1C67F0A8-D65E-4209-A8B1-93F3A0EB096E} = {5D6EF00C-F59C-4FD0-8017-575E61DAC528}
		{04C142C6-841B-412D-A1A1-AD5135614B4F} = {1C67F0A8-D65E-4209-A8B1-93F3A0EB096E}
		{698D46C2-D129-40AA-B477-AA9BEC29841F} = {1010B625-F2B0-44BA-B226-7F81197C2708}
		{3C38F84C-2E4C-E2F3-48EC-1108637492AB} = {E3BA3AD2-F5D9-443A-7302-EF3F99F3C2E8}
		{31BBBC25-4FAE-4A42-A603-03A586EB654B} = {3C38F84C-2E4C-E2F3-48EC-1108637492AB}
		{B66D2C23-365C-4A9F-AB5F-9D5B424683D9} = {3C38F84C-2E4C-E2F3-48EC-1108637492AB}
		{CD10B8C1-9B82-4AC1-BC41-CFC29BDEC1A1} = {3C38F84C-2E4C-E2F3-48EC-1108637492AB}
	EndGlobalSection
EndGlobal
